
Microsoft Visual Studio Solution File, Format Version 12.00
# Visual Studio Version 17
VisualStudioVersion = 17.6.33829.357
MinimumVisualStudioVersion = 10.0.40219.1
Project("{FAE04EC0-301F-11D3-BF4B-00C04F79EFBC}") = "StudyingMethod9", "StudyingMethod9\StudyingMethod9.csproj", "{047885B5-E637-424B-8681-E28D5FD82ED1}"
EndProject
Global
	GlobalSection(SolutionConfigurationPlatforms) = preSolution
		Debug|Any CPU = Debug|Any CPU
		Release|Any CPU = Release|Any CPU
	EndGlobalSection
	GlobalSection(ProjectConfigurationPlatforms) = postSolution
		{047885B5-E637-424B-8681-E28D5FD82ED1}.Debug|Any CPU.ActiveCfg = Debug|Any CPU
		{047885B5-E637-424B-8681-E28D5FD82ED1}.Debug|Any CPU.Build.0 = Debug|Any CPU
		{047885B5-E637-424B-8681-E28D5FD82ED1}.Release|Any CPU.ActiveCfg = Release|Any CPU
		{047885B5-E637-424B-8681-E28D5FD82ED1}.Release|Any CPU.Build.0 = Release|Any CPU
	EndGlobalSection
	GlobalSection(SolutionProperties) = preSolution
		HideSolutionNode = FALSE
	EndGlobalSection
	GlobalSection(ExtensibilityGlobals) = postSolution
		SolutionGuid = {657E41E0-E163-4084-9FB3-977ECB1D6073}
	EndGlobalSection
EndGlobal
